
Microsoft Visual Studio Solution File, Format Version 12.00
# Visual Studio Version 17
VisualStudioVersion = 17.14.37111.16 d17.14
MinimumVisualStudioVersion = 10.0.40219.1
Project("{FAE04EC0-301F-11D3-BF4B-00C04F79EFBC}") = "IT226", "IT226.csproj", "{FD2DD4CA-8350-4559-9889-E8FECA3BF6CB}"
EndProject
Global
	GlobalSection(SolutionConfigurationPlatforms) = preSolution
		Debug|Any CPU = Debug|Any CPU
		Release|Any CPU = Release|Any CPU
	EndGlobalSection
	GlobalSection(ProjectConfigurationPlatforms) = postSolution
		{FD2DD4CA-8350-4559-9889-E8FECA3BF6CB}.Debug|Any CPU.ActiveCfg = Debug|Any CPU
		{FD2DD4CA-8350-4559-9889-E8FECA3BF6CB}.Debug|Any CPU.Build.0 = Debug|Any CPU
		{FD2DD4CA-8350-4559-9889-E8FECA3BF6CB}.Release|Any CPU.ActiveCfg = Release|Any CPU
		{FD2DD4CA-8350-4559-9889-E8FECA3BF6CB}.Release|Any CPU.Build.0 = Release|Any CPU
	EndGlobalSection
	GlobalSection(SolutionProperties) = preSolution
		HideSolutionNode = FALSE
	EndGlobalSection
	GlobalSection(ExtensibilityGlobals) = postSolution
		SolutionGuid = {A96E4F06-3C45-464B-B1FF-D68BEC7C2A4E}
	EndGlobalSection
EndGlobal
